Microsoft Visual Studio Solution File, Format Version 12.00
# Visual Studio Version 17
VisualStudioVersion = 17.5.2.0
MinimumVisualStudioVersion = 10.0.40219.1
Project("{FAE04EC0-301F-11D3-BF4B-00C04F79EFBC}") = "BibliotecaApp", "BibliotecaApp.csproj", "{129C2273-9192-0729-8317-178FD2796832}"
EndProject
Global
	GlobalSection(SolutionConfigurationPlatforms) = preSolution
		Debug|Any CPU = Debug|Any CPU
		Release|Any CPU = Release|Any CPU
	EndGlobalSection
	GlobalSection(ProjectConfigurationPlatforms) = postSolution
		{129C2273-9192-0729-8317-178FD2796832}.Debug|Any CPU.ActiveCfg = Debug|Any CPU
		{129C2273-9192-0729-8317-178FD2796832}.Debug|Any CPU.Build.0 = Debug|Any CPU
		{129C2273-9192-0729-8317-178FD2796832}.Release|Any CPU.ActiveCfg = Release|Any CPU
		{129C2273-9192-0729-8317-178FD2796832}.Release|Any CPU.Build.0 = Release|Any CPU
	EndGlobalSection
	GlobalSection(SolutionProperties) = preSolution
		HideSolutionNode = FALSE
	EndGlobalSection
	GlobalSection(ExtensibilityGlobals) = postSolution
		SolutionGuid = {87637292-C36A-431F-BFCE-2BA35DAE7EFF}
	EndGlobalSection
EndGlobal
